
Microsoft Visual Studio Solution File, Format Version 12.00
Project("{FAE04EC0-301F-11D3-BF4B-00C04F79EFBC}") = "MFW.PasswordGenerator", "MFW.PasswordGenerator\MFW.PasswordGenerator.csproj", "{39789A72-0E90-4E84-99AE-CC4B4A56FCAB}"
EndProject
Project("{2150E333-8FDC-42A3-9474-1A3956D46DE8}") = "SolutionItems", "SolutionItems", "{74777A81-0EBF-4C44-8582-B615C558AEFC}"
	ProjectSection(SolutionItems) = preProject
		.gitignore = .gitignore
		LICENSE = LICENSE
		README.md = README.md
		.github\workflows\dotnet.yml = .github\workflows\dotnet.yml
		.config\dotnet-tools.json = .config\dotnet-tools.json
		.editorconfig = .editorconfig
	EndProjectSection
EndProject
Project("{FAE04EC0-301F-11D3-BF4B-00C04F79EFBC}") = "MFW.PasswordGeneratorTests", "MFW.PasswordGeneratorTests\MFW.PasswordGeneratorTests.csproj", "{BB532AC9-9899-4F76-8ACF-4B62C2AA7CED}"
EndProject
Global
	GlobalSection(SolutionConfigurationPlatforms) = preSolution
		Debug|Any CPU = Debug|Any CPU
		Release|Any CPU = Release|Any CPU
	EndGlobalSection
	GlobalSection(ProjectConfigurationPlatforms) = postSolution
		{39789A72-0E90-4E84-99AE-CC4B4A56FCAB}.Debug|Any CPU.ActiveCfg = Debug|Any CPU
		{39789A72-0E90-4E84-99AE-CC4B4A56FCAB}.Debug|Any CPU.Build.0 = Debug|Any CPU
		{39789A72-0E90-4E84-99AE-CC4B4A56FCAB}.Release|Any CPU.ActiveCfg = Release|Any CPU
		{39789A72-0E90-4E84-99AE-CC4B4A56FCAB}.Release|Any CPU.Build.0 = Release|Any CPU
		{BB532AC9-9899-4F76-8ACF-4B62C2AA7CED}.Debug|Any CPU.ActiveCfg = Debug|Any CPU
		{BB532AC9-9899-4F76-8ACF-4B62C2AA7CED}.Debug|Any CPU.Build.0 = Debug|Any CPU
		{BB532AC9-9899-4F76-8ACF-4B62C2AA7CED}.Release|Any CPU.ActiveCfg = Release|Any CPU
		{BB532AC9-9899-4F76-8ACF-4B62C2AA7CED}.Release|Any CPU.Build.0 = Release|Any CPU
	EndGlobalSection
EndGlobal
